# generated by rye
# use `rye lock` or `rye sync` to update this lockfile
#
# last locked with the following flags:
#   pre: false
#   features: []
#   all-features: false
#   with-sources: false

-e file:.
contourpy==1.2.0
    # via matplotlib
cycler==0.12.1
    # via matplotlib
fonttools==4.49.0
    # via matplotlib
kiwisolver==1.4.5
    # via matplotlib
matplotlib==3.8.3
    # via fplanck
numpy==1.26.2
    # via contourpy
    # via fplanck
    # via matplotlib
    # via scipy
packaging==23.2
    # via matplotlib
pillow==10.2.0
    # via matplotlib
pyparsing==3.1.1
    # via matplotlib
python-dateutil==2.8.2
    # via matplotlib
scipy==1.11.4
    # via fplanck
six==1.16.0
    # via python-dateutil
